
Microsoft Visual Studio Solution File, Format Version 12.00
# Visual Studio Version 17
VisualStudioVersion = 17.13.35931.197 d17.13
MinimumVisualStudioVersion = 10.0.40219.1
Project("{FAE04EC0-301F-11D3-BF4B-00C04F79EFBC}") = "APICaixa", "APICaixa\APICaixa.csproj", "{5EB9C5A7-B0CF-4CDB-A73D-C10BC9824F7B}"
EndProject
Project("{FAE04EC0-301F-11D3-BF4B-00C04F79EFBC}") = "APICaixa.Testes", "APICaixa.Testes\APICaixa.Testes.csproj", "{C9F4B9FC-5F43-47F4-881C-B208547B8224}"
EndProject
Global
	GlobalSection(SolutionConfigurationPlatforms) = preSolution
		Debug|Any CPU = Debug|Any CPU
		Release|Any CPU = Release|Any CPU
	EndGlobalSection
	GlobalSection(ProjectConfigurationPlatforms) = postSolution
		{5EB9C5A7-B0CF-4CDB-A73D-C10BC9824F7B}.Debug|Any CPU.ActiveCfg = Debug|Any CPU
		{5EB9C5A7-B0CF-4CDB-A73D-C10BC9824F7B}.Debug|Any CPU.Build.0 = Debug|Any CPU
		{5EB9C5A7-B0CF-4CDB-A73D-C10BC9824F7B}.Release|Any CPU.ActiveCfg = Release|Any CPU
		{5EB9C5A7-B0CF-4CDB-A73D-C10BC9824F7B}.Release|Any CPU.Build.0 = Release|Any CPU
		{C9F4B9FC-5F43-47F4-881C-B208547B8224}.Debug|Any CPU.ActiveCfg = Debug|Any CPU
		{C9F4B9FC-5F43-47F4-881C-B208547B8224}.Debug|Any CPU.Build.0 = Debug|Any CPU
		{C9F4B9FC-5F43-47F4-881C-B208547B8224}.Release|Any CPU.ActiveCfg = Release|Any CPU
		{C9F4B9FC-5F43-47F4-881C-B208547B8224}.Release|Any CPU.Build.0 = Release|Any CPU
	EndGlobalSection
	GlobalSection(SolutionProperties) = preSolution
		HideSolutionNode = FALSE
	EndGlobalSection
	GlobalSection(ExtensibilityGlobals) = postSolution
		SolutionGuid = {67338653-2A4D-4677-B4BC-64681564CD0F}
	EndGlobalSection
EndGlobal
